
Microsoft Visual Studio Solution File, Format Version 12.00
# Visual Studio Version 17
VisualStudioVersion = 17.1.32228.430
MinimumVisualStudioVersion = 10.0.40219.1
Project("{F184B08F-C81C-45F6-A57F-5ABD9991F28F}") = "ModbusMaster", "ModbusMaster.vbproj", "{AB516639-E6B1-4055-98B3-9705FF6D5634}"
EndProject
Global
	GlobalSection(SolutionConfigurationPlatforms) = preSolution
		Debug|Any CPU = Debug|Any CPU
		Release|Any CPU = Release|Any CPU
	EndGlobalSection
	GlobalSection(ProjectConfigurationPlatforms) = postSolution
		{AB516639-E6B1-4055-98B3-9705FF6D5634}.Debug|Any CPU.ActiveCfg = Debug|Any CPU
		{AB516639-E6B1-4055-98B3-9705FF6D5634}.Debug|Any CPU.Build.0 = Debug|Any CPU
		{AB516639-E6B1-4055-98B3-9705FF6D5634}.Release|Any CPU.ActiveCfg = Release|Any CPU
		{AB516639-E6B1-4055-98B3-9705FF6D5634}.Release|Any CPU.Build.0 = Release|Any CPU
	EndGlobalSection
	GlobalSection(SolutionProperties) = preSolution
		HideSolutionNode = FALSE
	EndGlobalSection
	GlobalSection(ExtensibilityGlobals) = postSolution
		SolutionGuid = {8C06A439-9DE7-455D-99BC-CEE3A75F9627}
	EndGlobalSection
EndGlobal
